
Microsoft Visual Studio Solution File, Format Version 12.00
# Visual Studio 2012
Project("{FAE04EC0-301F-11D3-BF4B-00C04F79EFBC}") = "common", "common\common.csproj", "{8CB90238-88E8-43D4-A268-70366CCCC2EA}"
EndProject
Project("{FAE04EC0-301F-11D3-BF4B-00C04F79EFBC}") = "Loginserver", "Loginserver\Loginserver.csproj", "{D1A56043-1B18-497D-A573-55E28E50373E}"
EndProject
Global
	GlobalSection(SolutionConfigurationPlatforms) = preSolution
		Debug|Any CPU = Debug|Any CPU
		Release|Any CPU = Release|Any CPU
	EndGlobalSection
	GlobalSection(ProjectConfigurationPlatforms) = postSolution
		{8CB90238-88E8-43D4-A268-70366CCCC2EA}.Debug|Any CPU.ActiveCfg = Debug|Any CPU
		{8CB90238-88E8-43D4-A268-70366CCCC2EA}.Debug|Any CPU.Build.0 = Debug|Any CPU
		{8CB90238-88E8-43D4-A268-70366CCCC2EA}.Release|Any CPU.ActiveCfg = Release|Any CPU
		{8CB90238-88E8-43D4-A268-70366CCCC2EA}.Release|Any CPU.Build.0 = Release|Any CPU
		{D1A56043-1B18-497D-A573-55E28E50373E}.Debug|Any CPU.ActiveCfg = Debug|Any CPU
		{D1A56043-1B18-497D-A573-55E28E50373E}.Debug|Any CPU.Build.0 = Debug|Any CPU
		{D1A56043-1B18-497D-A573-55E28E50373E}.Release|Any CPU.ActiveCfg = Release|Any CPU
		{D1A56043-1B18-497D-A573-55E28E50373E}.Release|Any CPU.Build.0 = Release|Any CPU
	EndGlobalSection
	GlobalSection(SolutionProperties) = preSolution
		HideSolutionNode = FALSE
	EndGlobalSection
EndGlobal
